// !$*UTF8*$!
{
	archiveVersion = 1;
	classes = {
	};
	objectVersion = 46;
	objects = {

/* Begin PBXBuildFile section */
		737FA50218750684008FA5AA /* .gitignore in Resources */ = {isa = PBXBuildFile; fileRef = 737FA4FC18750684008FA5AA /* .gitignore */; };
		737FA50318750684008FA5AA /* LICENSE in Resources */ = {isa = PBXBuildFile; fileRef = 737FA4FD18750684008FA5AA /* LICENSE */; };
		737FA50418750684008FA5AA /* README.md in Resources */ = {isa = PBXBuildFile; fileRef = 737FA4FE18750684008FA5AA /* README.md */; };
		737FA50518750684008FA5AA /* UIImage+ResizeMagick.m in Sources */ = {isa = PBXBuildFile; fileRef = 737FA50018750684008FA5AA /* UIImage+ResizeMagick.m */; };
		737FA50618750684008FA5AA /* UIImage-ResizeMagick.podspec in Resources */ = {isa = PBXBuildFile; fileRef = 737FA50118750684008FA5AA /* UIImage-ResizeMagick.podspec */; };
		737FA51B18750886008FA5AA /* pic1.jpg in Resources */ = {isa = PBXBuildFile; fileRef = 737FA51118750886008FA5AA /* pic1.jpg */; };
		737FA51C18750886008FA5AA /* pic2.jpg in Resources */ = {isa = PBXBuildFile; fileRef = 737FA51218750886008FA5AA /* pic2.jpg */; };
		A5B9579B1873B38F0072554B /* Foundation.framework in Frameworks */ = {isa = PBXBuildFile; fileRef = A5B9579A1873B38F0072554B /* Foundation.framework */; };
		A5B9579D1873B38F0072554B /* CoreGraphics.framework in Frameworks */ = {isa = PBXBuildFile; fileRef = A5B9579C1873B38F0072554B /* CoreGraphics.framework */; };
		A5B9579F1873B38F0072554B /* UIKit.framework in Frameworks */ = {isa = PBXBuildFile; fileRef = A5B9579E1873B38F0072554B /* UIKit.framework */; };
		A5B957A51873B38F0072554B /* InfoPlist.strings in Resources */ = {isa = PBXBuildFile; fileRef = A5B957A31873B38F0072554B /* InfoPlist.strings */; };
		A5B957A71873B38F0072554B /* main.m in Sources */ = {isa = PBXBuildFile; fileRef = A5B957A61873B38F0072554B /* main.m */; };
		A5B957AB1873B38F0072554B /* AppDelegate.m in Sources */ = {isa = PBXBuildFile; fileRef = A5B957AA1873B38F0072554B /* AppDelegate.m */; };
		A5B957AE1873B38F0072554B /* Main.storyboard in Resources */ = {isa = PBXBuildFile; fileRef = A5B957AC1873B38F0072554B /* Main.storyboard */; };
		A5B957B11873B38F0072554B /* ViewController.m in Sources */ = {isa = PBXBuildFile; fileRef = A5B957B01873B38F0072554B /* ViewController.m */; };
		A5B957B31873B38F0072554B /* Images.xcassets in Resources */ = {isa = PBXBuildFile; fileRef = A5B957B21873B38F0072554B /* Images.xcassets */; };
		A5B957BA1873B38F0072554B /* XCTest.framework in Frameworks */ = {isa = PBXBuildFile; fileRef = A5B957B91873B38F0072554B /* XCTest.framework */; };
		A5B957BB1873B38F0072554B /* Foundation.framework in Frameworks */ = {isa = PBXBuildFile; fileRef = A5B9579A1873B38F0072554B /* Foundation.framework */; };
		A5B957BC1873B38F0072554B /* UIKit.framework in Frameworks */ = {isa = PBXBuildFile; fileRef = A5B9579E1873B38F0072554B /* UIKit.framework */; };
		A5B957C41873B38F0072554B /* InfoPlist.strings in Resources */ = {isa = PBXBuildFile; fileRef = A5B957C21873B38F0072554B /* InfoPlist.strings */; };
		A5B957C61873B38F0072554B /* TestActionSheetTests.m in Sources */ = {isa = PBXBuildFile; fileRef = A5B957C51873B38F0072554B /* TestActionSheetTests.m */; };
		A5B957DA1873C3EA0072554B /* DoActionSheet.m in Sources */ = {isa = PBXBuildFile; fileRef = A5B957D91873C3EA0072554B /* DoActionSheet.m */; };
/* End PBXBuildFile section */

/* Begin PBXContainerItemProxy section */
		A5B957BD1873B38F0072554B /* PBXContainerItemProxy */ = {
			isa = PBXContainerItemProxy;
			containerPortal = A5B9578F1873B38F0072554B /* Project object */;
			proxyType = 1;
			remoteGlobalIDString = A5B957961873B38F0072554B;
			remoteInfo = TestActionSheet;
		};
/* End PBXContainerItemProxy section */

/* Begin PBXFileReference section */
		737FA4FC18750684008FA5AA /* .gitignore */ = {isa = PBXFileReference; fileEncoding = 4; lastKnownFileType = text; path = .gitignore; sourceTree = "<group>"; };
		737FA4FD18750684008FA5AA /* LICENSE */ = {isa = PBXFileReference; fileEncoding = 4; lastKnownFileType = text; path = LICENSE; sourceTree = "<group>"; };
		737FA4FE18750684008FA5AA /* README.md */ = {isa = PBXFileReference; fileEncoding = 4; lastKnownFileType = text; path = README.md; sourceTree = "<group>"; };
		737FA4FF18750684008FA5AA /* UIImage+ResizeMagick.h */ = {isa = PBXFileReference; fileEncoding = 4; lastKnownFileType = sourcecode.c.h; path = "UIImage+ResizeMagick.h"; sourceTree = "<group>"; };
		737FA50018750684008FA5AA /* UIImage+ResizeMagick.m */ = {isa = PBXFileReference; fileEncoding = 4; lastKnownFileType = sourcecode.c.objc; path = "UIImage+ResizeMagick.m"; sourceTree = "<group>"; };
		737FA50118750684008FA5AA /* UIImage-ResizeMagick.podspec */ = {isa = PBXFileReference; fileEncoding = 4; lastKnownFileType = text; path = "UIImage-ResizeMagick.podspec"; sourceTree = "<group>"; };
		737FA51118750886008FA5AA /* pic1.jpg */ = {isa = PBXFileReference; lastKnownFileType = image.jpeg; path = pic1.jpg; sourceTree = "<group>"; };
		737FA51218750886008FA5AA /* pic2.jpg */ = {isa = PBXFileReference; lastKnownFileType = image.jpeg; path = pic2.jpg; sourceTree = "<group>"; };
		A5B957971873B38F0072554B /* TestActionSheet.app */ = {isa = PBXFileReference; explicitFileType = wrapper.application; includeInIndex = 0; path = TestActionSheet.app; sourceTree = BUILT_PRODUCTS_DIR; };
		A5B9579A1873B38F0072554B /* Foundation.framework */ = {isa = PBXFileReference; lastKnownFileType = wrapper.framework; name = Foundation.framework; path = System/Library/Frameworks/Foundation.framework; sourceTree = SDKROOT; };
		A5B9579C1873B38F0072554B /* CoreGraphics.framework */ = {isa = PBXFileReference; lastKnownFileType = wrapper.framework; name = CoreGraphics.framework; path = System/Library/Frameworks/CoreGraphics.framework; sourceTree = SDKROOT; };
		A5B9579E1873B38F0072554B /* UIKit.framework */ = {isa = PBXFileReference; lastKnownFileType = wrapper.framework; name = UIKit.framework; path = System/Library/Frameworks/UIKit.framework; sourceTree = SDKROOT; };
		A5B957A21873B38F0072554B /* TestActionSheet-Info.plist */ = {isa = PBXFileReference; lastKnownFileType = text.plist.xml; path = "TestActionSheet-Info.plist"; sourceTree = "<group>"; };
		A5B957A41873B38F0072554B /* en */ = {isa = PBXFileReference; lastKnownFileType = text.plist.strings; name = en; path = en.lproj/InfoPlist.strings; sourceTree = "<group>"; };
		A5B957A61873B38F0072554B /* main.m */ = {isa = PBXFileReference; lastKnownFileType = sourcecode.c.objc; path = main.m; sourceTree = "<group>"; };
		A5B957A81873B38F0072554B /* TestActionSheet-Prefix.pch */ = {isa = PBXFileReference; lastKnownFileType = sourcecode.c.h; path = "TestActionSheet-Prefix.pch"; sourceTree = "<group>"; };
		A5B957A91873B38F0072554B /* AppDelegate.h */ = {isa = PBXFileReference; lastKnownFileType = sourcecode.c.h; path = AppDelegate.h; sourceTree = "<group>"; };
		A5B957AA1873B38F0072554B /* AppDelegate.m */ = {isa = PBXFileReference; lastKnownFileType = sourcecode.c.objc; path = AppDelegate.m; sourceTree = "<group>"; };
		A5B957AD1873B38F0072554B /* Base */ = {isa = PBXFileReference; lastKnownFileType = file.storyboard; name = Base; path = Base.lproj/Main.storyboard; sourceTree = "<group>"; };
		A5B957AF1873B38F0072554B /* ViewController.h */ = {isa = PBXFileReference; lastKnownFileType = sourcecode.c.h; path = ViewController.h; sourceTree = "<group>"; };
		A5B957B01873B38F0072554B /* ViewController.m */ = {isa = PBXFileReference; lastKnownFileType = sourcecode.c.objc; path = ViewController.m; sourceTree = "<group>"; };
		A5B957B21873B38F0072554B /* Images.xcassets */ = {isa = PBXFileReference; lastKnownFileType = folder.assetcatalog; path = Images.xcassets; sourceTree = "<group>"; };
		A5B957B81873B38F0072554B /* TestActionSheetTests.xctest */ = {isa = PBXFileReference; explicitFileType = wrapper.cfbundle; includeInIndex = 0; path = TestActionSheetTests.xctest; sourceTree = BUILT_PRODUCTS_DIR; };
		A5B957B91873B38F0072554B /* XCTest.framework */ = {isa = PBXFileReference; lastKnownFileType = wrapper.framework; name = XCTest.framework; path = Library/Frameworks/XCTest.framework; sourceTree = DEVELOPER_DIR; };
		A5B957C11873B38F0072554B /* TestActionSheetTests-Info.plist */ = {isa = PBXFileReference; lastKnownFileType = text.plist.xml; path = "TestActionSheetTests-Info.plist"; sourceTree = "<group>"; };
		A5B957C31873B38F0072554B /* en */ = {isa = PBXFileReference; lastKnownFileType = text.plist.strings; name = en; path = en.lproj/InfoPlist.strings; sourceTree = "<group>"; };
		A5B957C51873B38F0072554B /* TestActionSheetTests.m */ = {isa = PBXFileReference; lastKnownFileType = sourcecode.c.objc; path = TestActionSheetTests.m; sourceTree = "<group>"; };
		A5B957D81873C3EA0072554B /* DoActionSheet.h */ = {isa = PBXFileReference; fileEncoding = 4; lastKnownFileType = sourcecode.c.h; path = DoActionSheet.h; sourceTree = "<group>"; };
		A5B957D91873C3EA0072554B /* DoActionSheet.m */ = {isa = PBXFileReference; fileEncoding = 4; lastKnownFileType = sourcecode.c.objc; path = DoActionSheet.m; sourceTree = "<group>"; };
/* End PBXFileReference section */

/* Begin PBXFrameworksBuildPhase section */
		A5B957941873B38F0072554B /* Frameworks */ = {
			isa = PBXFrameworksBuildPhase;
			buildActionMask = 2147483647;
			files = (
				A5B9579D1873B38F0072554B /* CoreGraphics.framework in Frameworks */,
				A5B9579F1873B38F0072554B /* UIKit.framework in Frameworks */,
				A5B9579B1873B38F0072554B /* Foundation.framework in Frameworks */,
			);
			runOnlyForDeploymentPostprocessing = 0;
		};
		A5B957B51873B38F0072554B /* Frameworks */ = {
			isa = PBXFrameworksBuildPhase;
			buildActionMask = 2147483647;
			files = (
				A5B957BA1873B38F0072554B /* XCTest.framework in Frameworks */,
				A5B957BC1873B38F0072554B /* UIKit.framework in Frameworks */,
				A5B957BB1873B38F0072554B /* Foundation.framework in Frameworks */,
			);
			runOnlyForDeploymentPostprocessing = 0;
		};
/* End PBXFrameworksBuildPhase section */

/* Begin PBXGroup section */
		737FA4F918750684008FA5AA /* 3rdSource */ = {
			isa = PBXGroup;
			children = (
				737FA4FA18750684008FA5AA /* UIImage+Border */,
				737FA4FB18750684008FA5AA /* UIImage-ResizeMagick */,
			);
			path = 3rdSource;
			sourceTree = "<group>";
		};
		737FA4FA18750684008FA5AA /* UIImage+Border */ = {
			isa = PBXGroup;
			children = (
			);
			path = "UIImage+Border";
			sourceTree = "<group>";
		};
		737FA4FB18750684008FA5AA /* UIImage-ResizeMagick */ = {
			isa = PBXGroup;
			children = (
				737FA4FC18750684008FA5AA /* .gitignore */,
				737FA4FD18750684008FA5AA /* LICENSE */,
				737FA4FE18750684008FA5AA /* README.md */,
				737FA4FF18750684008FA5AA /* UIImage+ResizeMagick.h */,
				737FA50018750684008FA5AA /* UIImage+ResizeMagick.m */,
				737FA50118750684008FA5AA /* UIImage-ResizeMagick.podspec */,
			);
			path = "UIImage-ResizeMagick";
			sourceTree = "<group>";
		};
		737FA50718750886008FA5AA /* Resource */ = {
			isa = PBXGroup;
			children = (
				737FA50818750886008FA5AA /* Images */,
			);
			path = Resource;
			sourceTree = SOURCE_ROOT;
		};
		737FA50818750886008FA5AA /* Images */ = {
			isa = PBXGroup;
			children = (
				737FA51118750886008FA5AA /* pic1.jpg */,
				737FA51218750886008FA5AA /* pic2.jpg */,
			);
			path = Images;
			sourceTree = "<group>";
		};
		A5B9578E1873B38F0072554B = {
			isa = PBXGroup;
			children = (
				A5B957A01873B38F0072554B /* TestActionSheet */,
				A5B957BF1873B38F0072554B /* TestActionSheetTests */,
				A5B957991873B38F0072554B /* Frameworks */,
				A5B957981873B38F0072554B /* Products */,
			);
			sourceTree = "<group>";
		};
		A5B957981873B38F0072554B /* Products */ = {
			isa = PBXGroup;
			children = (
				A5B957971873B38F0072554B /* TestActionSheet.app */,
				A5B957B81873B38F0072554B /* TestActionSheetTests.xctest */,
			);
			name = Products;
			sourceTree = "<group>";
		};
		A5B957991873B38F0072554B /* Frameworks */ = {
			isa = PBXGroup;
			children = (
				A5B9579A1873B38F0072554B /* Foundation.framework */,
				A5B9579C1873B38F0072554B /* CoreGraphics.framework */,
				A5B9579E1873B38F0072554B /* UIKit.framework */,
				A5B957B91873B38F0072554B /* XCTest.framework */,
			);
			name = Frameworks;
			sourceTree = "<group>";
		};
		A5B957A01873B38F0072554B /* TestActionSheet */ = {
			isa = PBXGroup;
			children = (
				737FA4F918750684008FA5AA /* 3rdSource */,
				A5B957D71873C3EA0072554B /* DoActionSheet */,
				A5B957A91873B38F0072554B /* AppDelegate.h */,
				A5B957AA1873B38F0072554B /* AppDelegate.m */,
				A5B957AC1873B38F0072554B /* Main.storyboard */,
				A5B957AF1873B38F0072554B /* ViewController.h */,
				A5B957B01873B38F0072554B /* ViewController.m */,
				A5B957B21873B38F0072554B /* Images.xcassets */,
				737FA50718750886008FA5AA /* Resource */,
				A5B957A11873B38F0072554B /* Supporting Files */,
			);
			path = TestActionSheet;
			sourceTree = "<group>";
		};
		A5B957A11873B38F0072554B /* Supporting Files */ = {
			isa = PBXGroup;
			children = (
				A5B957A21873B38F0072554B /* TestActionSheet-Info.plist */,
				A5B957A31873B38F0072554B /* InfoPlist.strings */,
				A5B957A61873B38F0072554B /* main.m */,
				A5B957A81873B38F0072554B /* TestActionSheet-Prefix.pch */,
			);
			name = "Supporting Files";
			sourceTree = "<group>";
		};
		A5B957BF1873B38F0072554B /* TestActionSheetTests */ = {
			isa = PBXGroup;
			children = (
				A5B957C51873B38F0072554B /* TestActionSheetTests.m */,
				A5B957C01873B38F0072554B /* Supporting Files */,
			);
			path = TestActionSheetTests;
			sourceTree = "<group>";
		};
		A5B957C01873B38F0072554B /* Supporting Files */ = {
			isa = PBXGroup;
			children = (
				A5B957C11873B38F0072554B /* TestActionSheetTests-Info.plist */,
				A5B957C21873B38F0072554B /* InfoPlist.strings */,
			);
			name = "Supporting Files";
			sourceTree = "<group>";
		};
		A5B957D71873C3EA0072554B /* DoActionSheet */ = {
			isa = PBXGroup;
			children = (
				A5B957D81873C3EA0072554B /* DoActionSheet.h */,
				A5B957D91873C3EA0072554B /* DoActionSheet.m */,
			);
			path = DoActionSheet;
			sourceTree = "<group>";
		};
/* End PBXGroup section */

/* Begin PBXNativeTarget section */
		A5B957961873B38F0072554B /* TestActionSheet */ = {
			isa = PBXNativeTarget;
			buildConfigurationList = A5B957C91873B38F0072554B /* Build configuration list for PBXNativeTarget "TestActionSheet" */;
			buildPhases = (
				A5B957931873B38F0072554B /* Sources */,
				A5B957941873B38F0072554B /* Frameworks */,
				A5B957951873B38F0072554B /* Resources */,
			);
			buildRules = (
			);
			dependencies = (
			);
			name = TestActionSheet;
			productName = TestActionSheet;
			productReference = A5B957971873B38F0072554B /* TestActionSheet.app */;
			productType = "com.apple.product-type.application";
		};
		A5B957B71873B38F0072554B /* TestActionSheetTests */ = {
			isa = PBXNativeTarget;
			buildConfigurationList = A5B957CC1873B38F0072554B /* Build configuration list for PBXNativeTarget "TestActionSheetTests" */;
			buildPhases = (
				A5B957B41873B38F0072554B /* Sources */,
				A5B957B51873B38F0072554B /* Frameworks */,
				A5B957B61873B38F0072554B /* Resources */,
			);
			buildRules = (
			);
			dependencies = (
				A5B957BE1873B38F0072554B /* PBXTargetDependency */,
			);
			name = TestActionSheetTests;
			productName = TestActionSheetTests;
			productReference = A5B957B81873B38F0072554B /* TestActionSheetTests.xctest */;
			productType = "com.apple.product-type.bundle.unit-test";
		};
/* End PBXNativeTarget section */

/* Begin PBXProject section */
		A5B9578F1873B38F0072554B /* Project object */ = {
			isa = PBXProject;
			attributes = {
				LastUpgradeCheck = 0500;
				ORGANIZATIONNAME = "Dono Air";
				TargetAttributes = {
					A5B957B71873B38F0072554B = {
						TestTargetID = A5B957961873B38F0072554B;
					};
				};
			};
			buildConfigurationList = A5B957921873B38F0072554B /* Build configuration list for PBXProject "TestActionSheet" */;
			compatibilityVersion = "Xcode 3.2";
			developmentRegion = English;
			hasScannedForEncodings = 0;
			knownRegions = (
				en,
				Base,
			);
			mainGroup = A5B9578E1873B38F0072554B;
			productRefGroup = A5B957981873B38F0072554B /* Products */;
			projectDirPath = "";
			projectRoot = "";
			targets = (
				A5B957961873B38F0072554B /* TestActionSheet */,
				A5B957B71873B38F0072554B /* TestActionSheetTests */,
			);
		};
/* End PBXProject section */

/* Begin PBXResourcesBuildPhase section */
		A5B957951873B38F0072554B /* Resources */ = {
			isa = PBXResourcesBuildPhase;
			buildActionMask = 2147483647;
			files = (
				737FA50418750684008FA5AA /* README.md in Resources */,
				737FA50218750684008FA5AA /* .gitignore in Resources */,
				737FA51B18750886008FA5AA /* pic1.jpg in Resources */,
				737FA51C18750886008FA5AA /* pic2.jpg in Resources */,
				A5B957B31873B38F0072554B /* Images.xcassets in Resources */,
				A5B957A51873B38F0072554B /* InfoPlist.strings in Resources */,
				737FA50618750684008FA5AA /* UIImage-ResizeMagick.podspec in Resources */,
				A5B957AE1873B38F0072554B /* Main.storyboard in Resources */,
				737FA50318750684008FA5AA /* LICENSE in Resources */,
			);
			runOnlyForDeploymentPostprocessing = 0;
		};
		A5B957B61873B38F0072554B /* Resources */ = {
			isa = PBXResourcesBuildPhase;
			buildActionMask = 2147483647;
			files = (
				A5B957C41873B38F0072554B /* InfoPlist.strings in Resources */,
			);
			runOnlyForDeploymentPostprocessing = 0;
		};
/* End PBXResourcesBuildPhase section */

/* Begin PBXSourcesBuildPhase section */
		A5B957931873B38F0072554B /* Sources */ = {
			isa = PBXSourcesBuildPhase;
			buildActionMask = 2147483647;
			files = (
				A5B957B11873B38F0072554B /* ViewController.m in Sources */,
				737FA50518750684008FA5AA /* UIImage+ResizeMagick.m in Sources */,
				A5B957DA1873C3EA0072554B /* DoActionSheet.m in Sources */,
				A5B957AB1873B38F0072554B /* AppDelegate.m in Sources */,
				A5B957A71873B38F0072554B /* main.m in Sources */,
			);
			runOnlyForDeploymentPostprocessing = 0;
		};
		A5B957B41873B38F0072554B /* Sources */ = {
			isa = PBXSourcesBuildPhase;
			buildActionMask = 2147483647;
			files = (
				A5B957C61873B38F0072554B /* TestActionSheetTests.m in Sources */,
			);
			runOnlyForDeploymentPostprocessing = 0;
		};
/* End PBXSourcesBuildPhase section */

/* Begin PBXTargetDependency section */
		A5B957BE1873B38F0072554B /* PBXTargetDependency */ = {
			isa = PBXTargetDependency;
			target = A5B957961873B38F0072554B /* TestActionSheet */;
			targetProxy = A5B957BD1873B38F0072554B /* PBXContainerItemProxy */;
		};
/* End PBXTargetDependency section */

/* Begin PBXVariantGroup section */
		A5B957A31873B38F0072554B /* InfoPlist.strings */ = {
			isa = PBXVariantGroup;
			children = (
				A5B957A41873B38F0072554B /* en */,
			);
			name = InfoPlist.strings;
			sourceTree = "<group>";
		};
		A5B957AC1873B38F0072554B /* Main.storyboard */ = {
			isa = PBXVariantGroup;
			children = (
				A5B957AD1873B38F0072554B /* Base */,
			);
			name = Main.storyboard;
			sourceTree = "<group>";
		};
		A5B957C21873B38F0072554B /* InfoPlist.strings */ = {
			isa = PBXVariantGroup;
			children = (
				A5B957C31873B38F0072554B /* en */,
			);
			name = InfoPlist.strings;
			sourceTree = "<group>";
		};
/* End PBXVariantGroup section */

/* Begin XCBuildConfiguration section */
		A5B957C71873B38F0072554B /* Debug */ = {
			isa = XCBuildConfiguration;
			buildSettings = {
				ALWAYS_SEARCH_USER_PATHS = NO;
				ARCHS = "$(ARCHS_STANDARD_INCLUDING_64_BIT)";
				CLANG_CXX_LANGUAGE_STANDARD = "gnu++0x";
				CLANG_CXX_LIBRARY = "libc++";
				CLANG_ENABLE_MODULES = YES;
				CLANG_ENABLE_OBJC_ARC = YES;
				CLANG_WARN_BOOL_CONVERSION = YES;
				CLANG_WARN_CONSTANT_CONVERSION = YES;
				CLANG_WARN_DIRECT_OBJC_ISA_USAGE = YES_ERROR;
				CLANG_WARN_EMPTY_BODY = YES;
				CLANG_WARN_ENUM_CONVERSION = YES;
				CLANG_WARN_INT_CONVERSION = YES;
				CLANG_WARN_OBJC_ROOT_CLASS = YES_ERROR;
				CLANG_WARN__DUPLICATE_METHOD_MATCH = YES;
				"CODE_SIGN_IDENTITY[sdk=iphoneos*]" = "iPhone Developer";
				COPY_PHASE_STRIP = NO;
				GCC_C_LANGUAGE_STANDARD = gnu99;
				GCC_DYNAMIC_NO_PIC = NO;
				GCC_OPTIMIZATION_LEVEL = 0;
				GCC_PREPROCESSOR_DEFINITIONS = (
					"DEBUG=1",
					"$(inherited)",
				);
				GCC_SYMBOLS_PRIVATE_EXTERN = NO;
				GCC_WARN_64_TO_32_BIT_CONVERSION = YES;
				GCC_WARN_ABOUT_RETURN_TYPE = YES_ERROR;
				GCC_WARN_UNDECLARED_SELECTOR = YES;
				GCC_WARN_UNINITIALIZED_AUTOS = YES;
				GCC_WARN_UNUSED_FUNCTION = YES;
				GCC_WARN_UNUSED_VARIABLE = YES;
				IPHONEOS_DEPLOYMENT_TARGET = 7.0;
				ONLY_ACTIVE_ARCH = YES;
				SDKROOT = iphoneos;
			};
			name = Debug;
		};
		A5B957C81873B38F0072554B /* Release */ = {
			isa = XCBuildConfiguration;
			buildSettings = {
				ALWAYS_SEARCH_USER_PATHS = NO;
				ARCHS = "$(ARCHS_STANDARD_INCLUDING_64_BIT)";
				CLANG_CXX_LANGUAGE_STANDARD = "gnu++0x";
				CLANG_CXX_LIBRARY = "libc++";
				CLANG_ENABLE_MODULES = YES;
				CLANG_ENABLE_OBJC_ARC = YES;
				CLANG_WARN_BOOL_CONVERSION = YES;
				CLANG_WARN_CONSTANT_CONVERSION = YES;
				CLANG_WARN_DIRECT_OBJC_ISA_USAGE = YES_ERROR;
				CLANG_WARN_EMPTY_BODY = YES;
				CLANG_WARN_ENUM_CONVERSION = YES;
				CLANG_WARN_INT_CONVERSION = YES;
				CLANG_WARN_OBJC_ROOT_CLASS = YES_ERROR;
				CLANG_WARN__DUPLICATE_METHOD_MATCH = YES;
				"CODE_SIGN_IDENTITY[sdk=iphoneos*]" = "iPhone Developer";
				COPY_PHASE_STRIP = YES;
				ENABLE_NS_ASSERTIONS = NO;
				GCC_C_LANGUAGE_STANDARD = gnu99;
				GCC_WARN_64_TO_32_BIT_CONVERSION = YES;
				GCC_WARN_ABOUT_RETURN_TYPE = YES_ERROR;
				GCC_WARN_UNDECLARED_SELECTOR = YES;
				GCC_WARN_UNINITIALIZED_AUTOS = YES;
				GCC_WARN_UNUSED_FUNCTION = YES;
				GCC_WARN_UNUSED_VARIABLE = YES;
				IPHONEOS_DEPLOYMENT_TARGET = 7.0;
				SDKROOT = iphoneos;
				VALIDATE_PRODUCT = YES;
			};
			name = Release;
		};
		A5B957CA1873B38F0072554B /* Debug */ = {
			isa = XCBuildConfiguration;
			buildSettings = {
				ASSETCATALOG_COMPILER_APPICON_NAME = AppIcon;
				ASSETCATALOG_COMPILER_LAUNCHIMAGE_NAME = LaunchImage;
				GCC_PRECOMPILE_PREFIX_HEADER = YES;
				GCC_PREFIX_HEADER = "TestActionSheet/TestActionSheet-Prefix.pch";
				INFOPLIST_FILE = "TestActionSheet/TestActionSheet-Info.plist";
				PRODUCT_NAME = "$(TARGET_NAME)";
				WRAPPER_EXTENSION = app;
			};
			name = Debug;
		};
		A5B957CB1873B38F0072554B /* Release */ = {
			isa = XCBuildConfiguration;
			buildSettings = {
				ASSETCATALOG_COMPILER_APPICON_NAME = AppIcon;
				ASSETCATALOG_COMPILER_LAUNCHIMAGE_NAME = LaunchImage;
				GCC_PRECOMPILE_PREFIX_HEADER = YES;
				GCC_PREFIX_HEADER = "TestActionSheet/TestActionSheet-Prefix.pch";
				INFOPLIST_FILE = "TestActionSheet/TestActionSheet-Info.plist";
				PRODUCT_NAME = "$(TARGET_NAME)";
				WRAPPER_EXTENSION = app;
			};
			name = Release;
		};
		A5B957CD1873B38F0072554B /* Debug */ = {
			isa = XCBuildConfiguration;
			buildSettings = {
				ARCHS = "$(ARCHS_STANDARD_INCLUDING_64_BIT)";
				BUNDLE_LOADER = "$(BUILT_PRODUCTS_DIR)/TestActionSheet.app/TestActionSheet";
				FRAMEWORK_SEARCH_PATHS = (
					"$(SDKROOT)/Developer/Library/Frameworks",
					"$(inherited)",
					"$(DEVELOPER_FRAMEWORKS_DIR)",
				);
				GCC_PRECOMPILE_PREFIX_HEADER = YES;
				GCC_PREFIX_HEADER = "TestActionSheet/TestActionSheet-Prefix.pch";
				GCC_PREPROCESSOR_DEFINITIONS = (
					"DEBUG=1",
					"$(inherited)",
				);
				INFOPLIST_FILE = "TestActionSheetTests/TestActionSheetTests-Info.plist";
				PRODUCT_NAME = "$(TARGET_NAME)";
				TEST_HOST = "$(BUNDLE_LOADER)";
				WRAPPER_EXTENSION = xctest;
			};
			name = Debug;
		};
		A5B957CE1873B38F0072554B /* Release */ = {
			isa = XCBuildConfiguration;
			buildSettings = {
				ARCHS = "$(ARCHS_STANDARD_INCLUDING_64_BIT)";
				BUNDLE_LOADER = "$(BUILT_PRODUCTS_DIR)/TestActionSheet.app/TestActionSheet";
				FRAMEWORK_SEARCH_PATHS = (
					"$(SDKROOT)/Developer/Library/Frameworks",
					"$(inherited)",
					"$(DEVELOPER_FRAMEWORKS_DIR)",
				);
				GCC_PRECOMPILE_PREFIX_HEADER = YES;
				GCC_PREFIX_HEADER = "TestActionSheet/TestActionSheet-Prefix.pch";
				INFOPLIST_FILE = "TestActionSheetTests/TestActionSheetTests-Info.plist";
				PRODUCT_NAME = "$(TARGET_NAME)";
				TEST_HOST = "$(BUNDLE_LOADER)";
				WRAPPER_EXTENSION = xctest;
			};
			name = Release;
		};
/* End XCBuildConfiguration section */

/* Begin XCConfigurationList section */
		A5B957921873B38F0072554B /* Build configuration list for PBXProject "TestActionSheet" */ = {
			isa = XCConfigurationList;
			buildConfigurations = (
				A5B957C71873B38F0072554B /* Debug */,
				A5B957C81873B38F0072554B /* Release */,
			);
			defaultConfigurationIsVisible = 0;
			defaultConfigurationName = Release;
		};
		A5B957C91873B38F0072554B /* Build configuration list for PBXNativeTarget "TestActionSheet" */ = {
			isa = XCConfigurationList;
			buildConfigurations = (
				A5B957CA1873B38F0072554B /* Debug */,
				A5B957CB1873B38F0072554B /* Release */,
			);
			defaultConfigurationIsVisible = 0;
			defaultConfigurationName = Release;
		};
		A5B957CC1873B38F0072554B /* Build configuration list for PBXNativeTarget "TestActionSheetTests" */ = {
			isa = XCConfigurationList;
			buildConfigurations = (
				A5B957CD1873B38F0072554B /* Debug */,
				A5B957CE1873B38F0072554B /* Release */,
			);
			defaultConfigurationIsVisible = 0;
			defaultConfigurationName = Release;
		};
/* End XCConfigurationList section */
	};
	rootObject = A5B9578F1873B38F0072554B /* Project object */;
}
